// !$*UTF8*$!
{
	archiveVersion = 1;
	classes = {
	};
	objectVersion = 55;
	objects = {

/* Begin PBXBuildFile section */
		25D1B66728B519E9002D3B6C /* AppDelegate.swift in Sources */ = {isa = PBXBuildFile; fileRef = 25D1B66628B519E9002D3B6C /* AppDelegate.swift */; };
		25D1B66B28B519E9002D3B6C /* MainViewController.swift in Sources */ = {isa = PBXBuildFile; fileRef = 25D1B66A28B519E9002D3B6C /* MainViewController.swift */; };
		25D1B67128B519E9002D3B6C /* OrderControl.xcdatamodeld in Sources */ = {isa = PBXBuildFile; fileRef = 25D1B66F28B519E9002D3B6C /* OrderControl.xcdatamodeld */; };
		25D1B67328B519E9002D3B6C /* Assets.xcassets in Resources */ = {isa = PBXBuildFile; fileRef = 25D1B67228B519E9002D3B6C /* Assets.xcassets */; };
		25D1B67628B519E9002D3B6C /* LaunchScreen.storyboard in Resources */ = {isa = PBXBuildFile; fileRef = 25D1B67428B519E9002D3B6C /* LaunchScreen.storyboard */; };
		25D1B67F28B51B19002D3B6C /* .gitignore in Resources */ = {isa = PBXBuildFile; fileRef = 25D1B67E28B51B19002D3B6C /* .gitignore */; };
		25D1B69728B64F83002D3B6C /* StorageManager.swift in Sources */ = {isa = PBXBuildFile; fileRef = 25D1B69628B64F83002D3B6C /* StorageManager.swift */; };
		25D1B6A528B68C7B002D3B6C /* Extension + UIButton.swift in Sources */ = {isa = PBXBuildFile; fileRef = 25D1B6A428B68C7B002D3B6C /* Extension + UIButton.swift */; };
		25D1B6A728B69160002D3B6C /* CustomersTableViewController.swift in Sources */ = {isa = PBXBuildFile; fileRef = 25D1B6A628B69160002D3B6C /* CustomersTableViewController.swift */; };
		25D1B6B328B6ABAA002D3B6C /* Order+CoreDataClass.swift in Sources */ = {isa = PBXBuildFile; fileRef = 25D1B6AB28B6ABAA002D3B6C /* Order+CoreDataClass.swift */; };
		25D1B6B428B6ABAA002D3B6C /* Order+CoreDataProperties.swift in Sources */ = {isa = PBXBuildFile; fileRef = 25D1B6AC28B6ABAA002D3B6C /* Order+CoreDataProperties.swift */; };
		25D1B6B528B6ABAA002D3B6C /* RowOfOrder+CoreDataClass.swift in Sources */ = {isa = PBXBuildFile; fileRef = 25D1B6AD28B6ABAA002D3B6C /* RowOfOrder+CoreDataClass.swift */; };
		25D1B6B628B6ABAA002D3B6C /* RowOfOrder+CoreDataProperties.swift in Sources */ = {isa = PBXBuildFile; fileRef = 25D1B6AE28B6ABAA002D3B6C /* RowOfOrder+CoreDataProperties.swift */; };
		25D1B6B728B6ABAA002D3B6C /* Customer+CoreDataClass.swift in Sources */ = {isa = PBXBuildFile; fileRef = 25D1B6AF28B6ABAA002D3B6C /* Customer+CoreDataClass.swift */; };
		25D1B6B828B6ABAA002D3B6C /* Customer+CoreDataProperties.swift in Sources */ = {isa = PBXBuildFile; fileRef = 25D1B6B028B6ABAA002D3B6C /* Customer+CoreDataProperties.swift */; };
		25D1B6B928B6ABAA002D3B6C /* Servise+CoreDataClass.swift in Sources */ = {isa = PBXBuildFile; fileRef = 25D1B6B128B6ABAA002D3B6C /* Servise+CoreDataClass.swift */; };
		25D1B6BA28B6ABAA002D3B6C /* Servise+CoreDataProperties.swift in Sources */ = {isa = PBXBuildFile; fileRef = 25D1B6B228B6ABAA002D3B6C /* Servise+CoreDataProperties.swift */; };
		25D1B6BD28B6B213002D3B6C /* CustomerDetails.swift in Sources */ = {isa = PBXBuildFile; fileRef = 25D1B6BC28B6B213002D3B6C /* CustomerDetails.swift */; };
		25D1B6BF28B6B85A002D3B6C /* Extensin + UILable.swift in Sources */ = {isa = PBXBuildFile; fileRef = 25D1B6BE28B6B85A002D3B6C /* Extensin + UILable.swift */; };
		25D1B6C128B6BB3F002D3B6C /* Extension + UITextFietld.swift in Sources */ = {isa = PBXBuildFile; fileRef = 25D1B6C028B6BB3F002D3B6C /* Extension + UITextFietld.swift */; };
/* End PBXBuildFile section */

/* Begin PBXFileReference section */
		25D1B66328B519E9002D3B6C /* ОrderСontrol.app */ = {isa = PBXFileReference; explicitFileType = wrapper.application; includeInIndex = 0; path = "ОrderСontrol.app"; sourceTree = BUILT_PRODUCTS_DIR; };
		25D1B66628B519E9002D3B6C /* AppDelegate.swift */ = {isa = PBXFileReference; lastKnownFileType = sourcecode.swift; path = AppDelegate.swift; sourceTree = "<group>"; };
		25D1B66A28B519E9002D3B6C /* MainViewController.swift */ = {isa = PBXFileReference; lastKnownFileType = sourcecode.swift; path = MainViewController.swift; sourceTree = "<group>"; };
		25D1B67028B519E9002D3B6C /* _rder_ontrol.xcdatamodel */ = {isa = PBXFileReference; lastKnownFileType = wrapper.xcdatamodel; path = _rder_ontrol.xcdatamodel; sourceTree = "<group>"; };
		25D1B67228B519E9002D3B6C /* Assets.xcassets */ = {isa = PBXFileReference; lastKnownFileType = folder.assetcatalog; path = Assets.xcassets; sourceTree = "<group>"; };
		25D1B67528B519E9002D3B6C /* Base */ = {isa = PBXFileReference; lastKnownFileType = file.storyboard; name = Base; path = Base.lproj/LaunchScreen.storyboard; sourceTree = "<group>"; };
		25D1B67728B519E9002D3B6C /* Info.plist */ = {isa = PBXFileReference; lastKnownFileType = text.plist.xml; path = Info.plist; sourceTree = "<group>"; };
		25D1B67E28B51B19002D3B6C /* .gitignore */ = {isa = PBXFileReference; lastKnownFileType = text; path = .gitignore; sourceTree = "<group>"; };
		25D1B69628B64F83002D3B6C /* StorageManager.swift */ = {isa = PBXFileReference; lastKnownFileType = sourcecode.swift; path = StorageManager.swift; sourceTree = "<group>"; };
		25D1B6A428B68C7B002D3B6C /* Extension + UIButton.swift */ = {isa = PBXFileReference; lastKnownFileType = sourcecode.swift; path = "Extension + UIButton.swift"; sourceTree = "<group>"; };
		25D1B6A628B69160002D3B6C /* CustomersTableViewController.swift */ = {isa = PBXFileReference; lastKnownFileType = sourcecode.swift; path = CustomersTableViewController.swift; sourceTree = "<group>"; };
		25D1B6AB28B6ABAA002D3B6C /* Order+CoreDataClass.swift */ = {isa = PBXFileReference; lastKnownFileType = sourcecode.swift; path = "Order+CoreDataClass.swift"; sourceTree = "<group>"; };
		25D1B6AC28B6ABAA002D3B6C /* Order+CoreDataProperties.swift */ = {isa = PBXFileReference; lastKnownFileType = sourcecode.swift; path = "Order+CoreDataProperties.swift"; sourceTree = "<group>"; };
		25D1B6AD28B6ABAA002D3B6C /* RowOfOrder+CoreDataClass.swift */ = {isa = PBXFileReference; lastKnownFileType = sourcecode.swift; path = "RowOfOrder+CoreDataClass.swift"; sourceTree = "<group>"; };
		25D1B6AE28B6ABAA002D3B6C /* RowOfOrder+CoreDataProperties.swift */ = {isa = PBXFileReference; lastKnownFileType = sourcecode.swift; path = "RowOfOrder+CoreDataProperties.swift"; sourceTree = "<group>"; };
		25D1B6AF28B6ABAA002D3B6C /* Customer+CoreDataClass.swift */ = {isa = PBXFileReference; lastKnownFileType = sourcecode.swift; path = "Customer+CoreDataClass.swift"; sourceTree = "<group>"; };
		25D1B6B028B6ABAA002D3B6C /* Customer+CoreDataProperties.swift */ = {isa = PBXFileReference; lastKnownFileType = sourcecode.swift; path = "Customer+CoreDataProperties.swift"; sourceTree = "<group>"; };
		25D1B6B128B6ABAA002D3B6C /* Servise+CoreDataClass.swift */ = {isa = PBXFileReference; lastKnownFileType = sourcecode.swift; path = "Servise+CoreDataClass.swift"; sourceTree = "<group>"; };
		25D1B6B228B6ABAA002D3B6C /* Servise+CoreDataProperties.swift */ = {isa = PBXFileReference; lastKnownFileType = sourcecode.swift; path = "Servise+CoreDataProperties.swift"; sourceTree = "<group>"; };
		25D1B6BC28B6B213002D3B6C /* CustomerDetails.swift */ = {isa = PBXFileReference; lastKnownFileType = sourcecode.swift; path = CustomerDetails.swift; sourceTree = "<group>"; };
		25D1B6BE28B6B85A002D3B6C /* Extensin + UILable.swift */ = {isa = PBXFileReference; lastKnownFileType = sourcecode.swift; path = "Extensin + UILable.swift"; sourceTree = "<group>"; };
		25D1B6C028B6BB3F002D3B6C /* Extension + UITextFietld.swift */ = {isa = PBXFileReference; lastKnownFileType = sourcecode.swift; path = "Extension + UITextFietld.swift"; sourceTree = "<group>"; };
/* End PBXFileReference section */

/* Begin PBXFrameworksBuildPhase section */
		25D1B66028B519E9002D3B6C /* Frameworks */ = {
			isa = PBXFrameworksBuildPhase;
			buildActionMask = 2147483647;
			files = (
			);
			runOnlyForDeploymentPostprocessing = 0;
		};
/* End PBXFrameworksBuildPhase section */

/* Begin PBXGroup section */
		25D1B65A28B519E9002D3B6C = {
			isa = PBXGroup;
			children = (
				25D1B66528B519E9002D3B6C /* ОrderСontrol */,
				25D1B6C228B7E967002D3B6C /* CoreData */,
				25D1B66428B519E9002D3B6C /* Products */,
			);
			sourceTree = "<group>";
		};
		25D1B66428B519E9002D3B6C /* Products */ = {
			isa = PBXGroup;
			children = (
				25D1B66328B519E9002D3B6C /* ОrderСontrol.app */,
			);
			name = Products;
			sourceTree = "<group>";
		};
		25D1B66528B519E9002D3B6C /* ОrderСontrol */ = {
			isa = PBXGroup;
			children = (
				25D1B6A828B69297002D3B6C /* Views */,
				25D1B68128B51D52002D3B6C /* ViewControllers */,
				25D1B69528B64F6B002D3B6C /* Servises */,
				25D1B6A328B68C5C002D3B6C /* Extensions */,
				25D1B68228B51D69002D3B6C /* Storyboards */,
				25D1B68028B51D31002D3B6C /* App */,
				25D1B68328B51D75002D3B6C /* Resourses */,
				25D1B67D28B51AF1002D3B6C /* Git */,
			);
			path = "ОrderСontrol";
			sourceTree = "<group>";
		};
		25D1B67D28B51AF1002D3B6C /* Git */ = {
			isa = PBXGroup;
			children = (
				25D1B67E28B51B19002D3B6C /* .gitignore */,
			);
			path = Git;
			sourceTree = "<group>";
		};
		25D1B68028B51D31002D3B6C /* App */ = {
			isa = PBXGroup;
			children = (
				25D1B66628B519E9002D3B6C /* AppDelegate.swift */,
				25D1B67728B519E9002D3B6C /* Info.plist */,
				25D1B66F28B519E9002D3B6C /* OrderControl.xcdatamodeld */,
			);
			path = App;
			sourceTree = "<group>";
		};
		25D1B68128B51D52002D3B6C /* ViewControllers */ = {
			isa = PBXGroup;
			children = (
				25D1B66A28B519E9002D3B6C /* MainViewController.swift */,
				25D1B6A628B69160002D3B6C /* CustomersTableViewController.swift */,
				25D1B6BC28B6B213002D3B6C /* CustomerDetails.swift */,
			);
			path = ViewControllers;
			sourceTree = "<group>";
		};
		25D1B68228B51D69002D3B6C /* Storyboards */ = {
			isa = PBXGroup;
			children = (
				25D1B67428B519E9002D3B6C /* LaunchScreen.storyboard */,
			);
			path = Storyboards;
			sourceTree = "<group>";
		};
		25D1B68328B51D75002D3B6C /* Resourses */ = {
			isa = PBXGroup;
			children = (
				25D1B67228B519E9002D3B6C /* Assets.xcassets */,
			);
			path = Resourses;
			sourceTree = "<group>";
		};
		25D1B69528B64F6B002D3B6C /* Servises */ = {
			isa = PBXGroup;
			children = (
				25D1B69628B64F83002D3B6C /* StorageManager.swift */,
			);
			path = Servises;
			sourceTree = "<group>";
		};
		25D1B6A328B68C5C002D3B6C /* Extensions */ = {
			isa = PBXGroup;
			children = (
				25D1B6A428B68C7B002D3B6C /* Extension + UIButton.swift */,
				25D1B6BE28B6B85A002D3B6C /* Extensin + UILable.swift */,
				25D1B6C028B6BB3F002D3B6C /* Extension + UITextFietld.swift */,
			);
			path = Extensions;
			sourceTree = "<group>";
		};
		25D1B6A828B69297002D3B6C /* Views */ = {
			isa = PBXGroup;
			children = (
			);
			path = Views;
			sourceTree = "<group>";
		};
		25D1B6C228B7E967002D3B6C /* CoreData */ = {
			isa = PBXGroup;
			children = (
				25D1B6AB28B6ABAA002D3B6C /* Order+CoreDataClass.swift */,
				25D1B6AC28B6ABAA002D3B6C /* Order+CoreDataProperties.swift */,
				25D1B6AD28B6ABAA002D3B6C /* RowOfOrder+CoreDataClass.swift */,
				25D1B6AE28B6ABAA002D3B6C /* RowOfOrder+CoreDataProperties.swift */,
				25D1B6AF28B6ABAA002D3B6C /* Customer+CoreDataClass.swift */,
				25D1B6B028B6ABAA002D3B6C /* Customer+CoreDataProperties.swift */,
				25D1B6B128B6ABAA002D3B6C /* Servise+CoreDataClass.swift */,
				25D1B6B228B6ABAA002D3B6C /* Servise+CoreDataProperties.swift */,
			);
			path = CoreData;
			sourceTree = "<group>";
		};
/* End PBXGroup section */

/* Begin PBXNativeTarget section */
		25D1B66228B519E9002D3B6C /* ОrderСontrol */ = {
			isa = PBXNativeTarget;
			buildConfigurationList = 25D1B67A28B519E9002D3B6C /* Build configuration list for PBXNativeTarget "ОrderСontrol" */;
			buildPhases = (
				25D1B65F28B519E9002D3B6C /* Sources */,
				25D1B66028B519E9002D3B6C /* Frameworks */,
				25D1B66128B519E9002D3B6C /* Resources */,
			);
			buildRules = (
			);
			dependencies = (
			);
			name = "ОrderСontrol";
			productName = "ОrderСontrol";
			productReference = 25D1B66328B519E9002D3B6C /* ОrderСontrol.app */;
			productType = "com.apple.product-type.application";
		};
/* End PBXNativeTarget section */

/* Begin PBXProject section */
		25D1B65B28B519E9002D3B6C /* Project object */ = {
			isa = PBXProject;
			attributes = {
				BuildIndependentTargetsInParallel = 1;
				LastSwiftUpdateCheck = 1340;
				LastUpgradeCheck = 1340;
				TargetAttributes = {
					25D1B66228B519E9002D3B6C = {
						CreatedOnToolsVersion = 13.4.1;
					};
				};
			};
			buildConfigurationList = 25D1B65E28B519E9002D3B6C /* Build configuration list for PBXProject "ОrderСontrol" */;
			compatibilityVersion = "Xcode 13.0";
			developmentRegion = en;
			hasScannedForEncodings = 0;
			knownRegions = (
				en,
				Base,
			);
			mainGroup = 25D1B65A28B519E9002D3B6C;
			productRefGroup = 25D1B66428B519E9002D3B6C /* Products */;
			projectDirPath = "";
			projectRoot = "";
			targets = (
				25D1B66228B519E9002D3B6C /* ОrderСontrol */,
			);
		};
/* End PBXProject section */

/* Begin PBXResourcesBuildPhase section */
		25D1B66128B519E9002D3B6C /* Resources */ = {
			isa = PBXResourcesBuildPhase;
			buildActionMask = 2147483647;
			files = (
				25D1B67F28B51B19002D3B6C /* .gitignore in Resources */,
				25D1B67628B519E9002D3B6C /* LaunchScreen.storyboard in Resources */,
				25D1B67328B519E9002D3B6C /* Assets.xcassets in Resources */,
			);
			runOnlyForDeploymentPostprocessing = 0;
		};
/* End PBXResourcesBuildPhase section */

/* Begin PBXSourcesBuildPhase section */
		25D1B65F28B519E9002D3B6C /* Sources */ = {
			isa = PBXSourcesBuildPhase;
			buildActionMask = 2147483647;
			files = (
				25D1B6B428B6ABAA002D3B6C /* Order+CoreDataProperties.swift in Sources */,
				25D1B66B28B519E9002D3B6C /* MainViewController.swift in Sources */,
				25D1B6A528B68C7B002D3B6C /* Extension + UIButton.swift in Sources */,
				25D1B6B928B6ABAA002D3B6C /* Servise+CoreDataClass.swift in Sources */,
				25D1B6BA28B6ABAA002D3B6C /* Servise+CoreDataProperties.swift in Sources */,
				25D1B66728B519E9002D3B6C /* AppDelegate.swift in Sources */,
				25D1B6B328B6ABAA002D3B6C /* Order+CoreDataClass.swift in Sources */,
				25D1B69728B64F83002D3B6C /* StorageManager.swift in Sources */,
				25D1B6B828B6ABAA002D3B6C /* Customer+CoreDataProperties.swift in Sources */,
				25D1B6B628B6ABAA002D3B6C /* RowOfOrder+CoreDataProperties.swift in Sources */,
				25D1B6BF28B6B85A002D3B6C /* Extensin + UILable.swift in Sources */,
				25D1B6A728B69160002D3B6C /* CustomersTableViewController.swift in Sources */,
				25D1B6C128B6BB3F002D3B6C /* Extension + UITextFietld.swift in Sources */,
				25D1B6B728B6ABAA002D3B6C /* Customer+CoreDataClass.swift in Sources */,
				25D1B6BD28B6B213002D3B6C /* CustomerDetails.swift in Sources */,
				25D1B6B528B6ABAA002D3B6C /* RowOfOrder+CoreDataClass.swift in Sources */,
				25D1B67128B519E9002D3B6C /* OrderControl.xcdatamodeld in Sources */,
			);
			runOnlyForDeploymentPostprocessing = 0;
		};
/* End PBXSourcesBuildPhase section */

/* Begin PBXVariantGroup section */
		25D1B67428B519E9002D3B6C /* LaunchScreen.storyboard */ = {
			isa = PBXVariantGroup;
			children = (
				25D1B67528B519E9002D3B6C /* Base */,
			);
			name = LaunchScreen.storyboard;
			sourceTree = "<group>";
		};
/* End PBXVariantGroup section */

/* Begin XCBuildConfiguration section */
		25D1B67828B519E9002D3B6C /* Debug */ = {
			isa = XCBuildConfiguration;
			buildSettings = {
				ALWAYS_SEARCH_USER_PATHS = NO;
				CLANG_ANALYZER_NONNULL = YES;
				CLANG_ANALYZER_NUMBER_OBJECT_CONVERSION = YES_AGGRESSIVE;
				CLANG_CXX_LANGUAGE_STANDARD = "gnu++17";
				CLANG_ENABLE_MODULES = YES;
				CLANG_ENABLE_OBJC_ARC = YES;
				CLANG_ENABLE_OBJC_WEAK = YES;
				CLANG_WARN_BLOCK_CAPTURE_AUTORELEASING = YES;
				CLANG_WARN_BOOL_CONVERSION = YES;
				CLANG_WARN_COMMA = YES;
				CLANG_WARN_CONSTANT_CONVERSION = YES;
				CLANG_WARN_DEPRECATED_OBJC_IMPLEMENTATIONS = YES;
				CLANG_WARN_DIRECT_OBJC_ISA_USAGE = YES_ERROR;
				CLANG_WARN_DOCUMENTATION_COMMENTS = YES;
				CLANG_WARN_EMPTY_BODY = YES;
				CLANG_WARN_ENUM_CONVERSION = YES;
				CLANG_WARN_INFINITE_RECURSION = YES;
				CLANG_WARN_INT_CONVERSION = YES;
				CLANG_WARN_NON_LITERAL_NULL_CONVERSION = YES;
				CLANG_WARN_OBJC_IMPLICIT_RETAIN_SELF = YES;
				CLANG_WARN_OBJC_LITERAL_CONVERSION = YES;
				CLANG_WARN_OBJC_ROOT_CLASS = YES_ERROR;
				CLANG_WARN_QUOTED_INCLUDE_IN_FRAMEWORK_HEADER = YES;
				CLANG_WARN_RANGE_LOOP_ANALYSIS = YES;
				CLANG_WARN_STRICT_PROTOTYPES = YES;
				CLANG_WARN_SUSPICIOUS_MOVE = YES;
				CLANG_WARN_UNGUARDED_AVAILABILITY = YES_AGGRESSIVE;
				CLANG_WARN_UNREACHABLE_CODE = YES;
				CLANG_WARN__DUPLICATE_METHOD_MATCH = YES;
				COPY_PHASE_STRIP = NO;
				DEBUG_INFORMATION_FORMAT = dwarf;
				ENABLE_STRICT_OBJC_MSGSEND = YES;
				ENABLE_TESTABILITY = YES;
				GCC_C_LANGUAGE_STANDARD = gnu11;
				GCC_DYNAMIC_NO_PIC = NO;
				GCC_NO_COMMON_BLOCKS = YES;
				GCC_OPTIMIZATION_LEVEL = 0;
				GCC_PREPROCESSOR_DEFINITIONS = (
					"DEBUG=1",
					"$(inherited)",
				);
				GCC_WARN_64_TO_32_BIT_CONVERSION = YES;
				GCC_WARN_ABOUT_RETURN_TYPE = YES_ERROR;
				GCC_WARN_UNDECLARED_SELECTOR = YES;
				GCC_WARN_UNINITIALIZED_AUTOS = YES_AGGRESSIVE;
				GCC_WARN_UNUSED_FUNCTION = YES;
				GCC_WARN_UNUSED_VARIABLE = YES;
				IPHONEOS_DEPLOYMENT_TARGET = 15.5;
				MTL_ENABLE_DEBUG_INFO = INCLUDE_SOURCE;
				MTL_FAST_MATH = YES;
				ONLY_ACTIVE_ARCH = YES;
				SDKROOT = iphoneos;
				SWIFT_ACTIVE_COMPILATION_CONDITIONS = DEBUG;
				SWIFT_OPTIMIZATION_LEVEL = "-Onone";
			};
			name = Debug;
		};
		25D1B67928B519E9002D3B6C /* Release */ = {
			isa = XCBuildConfiguration;
			buildSettings = {
				ALWAYS_SEARCH_USER_PATHS = NO;
				CLANG_ANALYZER_NONNULL = YES;
				CLANG_ANALYZER_NUMBER_OBJECT_CONVERSION = YES_AGGRESSIVE;
				CLANG_CXX_LANGUAGE_STANDARD = "gnu++17";
				CLANG_ENABLE_MODULES = YES;
				CLANG_ENABLE_OBJC_ARC = YES;
				CLANG_ENABLE_OBJC_WEAK = YES;
				CLANG_WARN_BLOCK_CAPTURE_AUTORELEASING = YES;
				CLANG_WARN_BOOL_CONVERSION = YES;
				CLANG_WARN_COMMA = YES;
				CLANG_WARN_CONSTANT_CONVERSION = YES;
				CLANG_WARN_DEPRECATED_OBJC_IMPLEMENTATIONS = YES;
				CLANG_WARN_DIRECT_OBJC_ISA_USAGE = YES_ERROR;
				CLANG_WARN_DOCUMENTATION_COMMENTS = YES;
				CLANG_WARN_EMPTY_BODY = YES;
				CLANG_WARN_ENUM_CONVERSION = YES;
				CLANG_WARN_INFINITE_RECURSION = YES;
				CLANG_WARN_INT_CONVERSION = YES;
				CLANG_WARN_NON_LITERAL_NULL_CONVERSION = YES;
				CLANG_WARN_OBJC_IMPLICIT_RETAIN_SELF = YES;
				CLANG_WARN_OBJC_LITERAL_CONVERSION = YES;
				CLANG_WARN_OBJC_ROOT_CLASS = YES_ERROR;
				CLANG_WARN_QUOTED_INCLUDE_IN_FRAMEWORK_HEADER = YES;
				CLANG_WARN_RANGE_LOOP_ANALYSIS = YES;
				CLANG_WARN_STRICT_PROTOTYPES = YES;
				CLANG_WARN_SUSPICIOUS_MOVE = YES;
				CLANG_WARN_UNGUARDED_AVAILABILITY = YES_AGGRESSIVE;
				CLANG_WARN_UNREACHABLE_CODE = YES;
				CLANG_WARN__DUPLICATE_METHOD_MATCH = YES;
				COPY_PHASE_STRIP = NO;
				DEBUG_INFORMATION_FORMAT = "dwarf-with-dsym";
				ENABLE_NS_ASSERTIONS = NO;
				ENABLE_STRICT_OBJC_MSGSEND = YES;
				GCC_C_LANGUAGE_STANDARD = gnu11;
				GCC_NO_COMMON_BLOCKS = YES;
				GCC_WARN_64_TO_32_BIT_CONVERSION = YES;
				GCC_WARN_ABOUT_RETURN_TYPE = YES_ERROR;
				GCC_WARN_UNDECLARED_SELECTOR = YES;
				GCC_WARN_UNINITIALIZED_AUTOS = YES_AGGRESSIVE;
				GCC_WARN_UNUSED_FUNCTION = YES;
				GCC_WARN_UNUSED_VARIABLE = YES;
				IPHONEOS_DEPLOYMENT_TARGET = 15.5;
				MTL_ENABLE_DEBUG_INFO = NO;
				MTL_FAST_MATH = YES;
				SDKROOT = iphoneos;
				SWIFT_COMPILATION_MODE = wholemodule;
				SWIFT_OPTIMIZATION_LEVEL = "-O";
				VALIDATE_PRODUCT = YES;
			};
			name = Release;
		};
		25D1B67B28B519E9002D3B6C /* Debug */ = {
			isa = XCBuildConfiguration;
			buildSettings = {
				ASSETCATALOG_COMPILER_APPICON_NAME = AppIcon;
				ASSETCATALOG_COMPILER_GLOBAL_ACCENT_COLOR_NAME = AccentColor;
				CODE_SIGN_STYLE = Automatic;
				CURRENT_PROJECT_VERSION = 1;
				DEVELOPMENT_TEAM = DWMGJ928Y5;
				GENERATE_INFOPLIST_FILE = YES;
				INFOPLIST_FILE = "ОrderСontrol/App/Info.plist";
				INFOPLIST_KEY_UIApplicationSupportsIndirectInputEvents = YES;
				INFOPLIST_KEY_UILaunchStoryboardName = LaunchScreen;
				INFOPLIST_KEY_UISupportedInterfaceOrientations_iPad = "UIInterfaceOrientationPortrait UIInterfaceOrientationPortraitUpsideDown UIInterfaceOrientationLandscapeLeft UIInterfaceOrientationLandscapeRight";
				INFOPLIST_KEY_UISupportedInterfaceOrientations_iPhone = "UIInterfaceOrientationPortrait UIInterfaceOrientationLandscapeLeft UIInterfaceOrientationLandscapeRight";
				LD_RUNPATH_SEARCH_PATHS = (
					"$(inherited)",
					"@executable_path/Frameworks",
				);
				MARKETING_VERSION = 1.0;
				PRODUCT_BUNDLE_IDENTIFIER = JR.OrderControl;
				PRODUCT_NAME = "$(TARGET_NAME)";
				SWIFT_EMIT_LOC_STRINGS = YES;
				SWIFT_VERSION = 5.0;
				TARGETED_DEVICE_FAMILY = "1,2";
			};
			name = Debug;
		};
		25D1B67C28B519E9002D3B6C /* Release */ = {
			isa = XCBuildConfiguration;
			buildSettings = {
				ASSETCATALOG_COMPILER_APPICON_NAME = AppIcon;
				ASSETCATALOG_COMPILER_GLOBAL_ACCENT_COLOR_NAME = AccentColor;
				CODE_SIGN_STYLE = Automatic;
				CURRENT_PROJECT_VERSION = 1;
				DEVELOPMENT_TEAM = DWMGJ928Y5;
				GENERATE_INFOPLIST_FILE = YES;
				INFOPLIST_FILE = "ОrderСontrol/App/Info.plist";
				INFOPLIST_KEY_UIApplicationSupportsIndirectInputEvents = YES;
				INFOPLIST_KEY_UILaunchStoryboardName = LaunchScreen;
				INFOPLIST_KEY_UISupportedInterfaceOrientations_iPad = "UIInterfaceOrientationPortrait UIInterfaceOrientationPortraitUpsideDown UIInterfaceOrientationLandscapeLeft UIInterfaceOrientationLandscapeRight";
				INFOPLIST_KEY_UISupportedInterfaceOrientations_iPhone = "UIInterfaceOrientationPortrait UIInterfaceOrientationLandscapeLeft UIInterfaceOrientationLandscapeRight";
				LD_RUNPATH_SEARCH_PATHS = (
					"$(inherited)",
					"@executable_path/Frameworks",
				);
				MARKETING_VERSION = 1.0;
				PRODUCT_BUNDLE_IDENTIFIER = JR.OrderControl;
				PRODUCT_NAME = "$(TARGET_NAME)";
				SWIFT_EMIT_LOC_STRINGS = YES;
				SWIFT_VERSION = 5.0;
				TARGETED_DEVICE_FAMILY = "1,2";
			};
			name = Release;
		};
/* End XCBuildConfiguration section */

/* Begin XCConfigurationList section */
		25D1B65E28B519E9002D3B6C /* Build configuration list for PBXProject "ОrderСontrol" */ = {
			isa = XCConfigurationList;
			buildConfigurations = (
				25D1B67828B519E9002D3B6C /* Debug */,
				25D1B67928B519E9002D3B6C /* Release */,
			);
			defaultConfigurationIsVisible = 0;
			defaultConfigurationName = Release;
		};
		25D1B67A28B519E9002D3B6C /* Build configuration list for PBXNativeTarget "ОrderСontrol" */ = {
			isa = XCConfigurationList;
			buildConfigurations = (
				25D1B67B28B519E9002D3B6C /* Debug */,
				25D1B67C28B519E9002D3B6C /* Release */,
			);
			defaultConfigurationIsVisible = 0;
			defaultConfigurationName = Release;
		};
/* End XCConfigurationList section */

/* Begin XCVersionGroup section */
		25D1B66F28B519E9002D3B6C /* OrderControl.xcdatamodeld */ = {
			isa = XCVersionGroup;
			children = (
				25D1B67028B519E9002D3B6C /* _rder_ontrol.xcdatamodel */,
			);
			currentVersion = 25D1B67028B519E9002D3B6C /* _rder_ontrol.xcdatamodel */;
			path = OrderControl.xcdatamodeld;
			sourceTree = "<group>";
			versionGroupType = wrapper.xcdatamodel;
		};
/* End XCVersionGroup section */
	};
	rootObject = 25D1B65B28B519E9002D3B6C /* Project object */;
}
